
Microsoft Visual Studio Solution File, Format Version 12.00
# Visual Studio 15
VisualStudioVersion = 15.0.26124.0
MinimumVisualStudioVersion = 15.0.26124.0
Project("{FAE04EC0-301F-11D3-BF4B-00C04F79EFBC}") = "Xperience.PageBuilderModeTagHelper", "Xperience.PageBuilderModeTagHelper\Xperience.PageBuilderModeTagHelper.csproj", "{7CAF38B4-5C44-47FD-B79F-6AA0BDFE0522}"
EndProject
Project("{FAE04EC0-301F-11D3-BF4B-00C04F79EFBC}") = "Xperience.PageBuilderModeTagHelper.Tests", "Xperience.PageBuilderModeTagHelper.Tests\Xperience.PageBuilderModeTagHelper.Tests.csproj", "{01C7275E-A67A-4EB8-8543-485588B6800C}"
EndProject
Global
	GlobalSection(SolutionConfigurationPlatforms) = preSolution
		Debug|Any CPU = Debug|Any CPU
		Debug|x64 = Debug|x64
		Debug|x86 = Debug|x86
		Release|Any CPU = Release|Any CPU
		Release|x64 = Release|x64
		Release|x86 = Release|x86
	EndGlobalSection
	GlobalSection(SolutionProperties) = preSolution
		HideSolutionNode = FALSE
	EndGlobalSection
	GlobalSection(ProjectConfigurationPlatforms) = postSolution
		{7CAF38B4-5C44-47FD-B79F-6AA0BDFE0522}.Debug|Any CPU.ActiveCfg = Debug|Any CPU
		{7CAF38B4-5C44-47FD-B79F-6AA0BDFE0522}.Debug|Any CPU.Build.0 = Debug|Any CPU
		{7CAF38B4-5C44-47FD-B79F-6AA0BDFE0522}.Debug|x64.ActiveCfg = Debug|Any CPU
		{7CAF38B4-5C44-47FD-B79F-6AA0BDFE0522}.Debug|x64.Build.0 = Debug|Any CPU
		{7CAF38B4-5C44-47FD-B79F-6AA0BDFE0522}.Debug|x86.ActiveCfg = Debug|Any CPU
		{7CAF38B4-5C44-47FD-B79F-6AA0BDFE0522}.Debug|x86.Build.0 = Debug|Any CPU
		{7CAF38B4-5C44-47FD-B79F-6AA0BDFE0522}.Release|Any CPU.ActiveCfg = Release|Any CPU
		{7CAF38B4-5C44-47FD-B79F-6AA0BDFE0522}.Release|Any CPU.Build.0 = Release|Any CPU
		{7CAF38B4-5C44-47FD-B79F-6AA0BDFE0522}.Release|x64.ActiveCfg = Release|Any CPU
		{7CAF38B4-5C44-47FD-B79F-6AA0BDFE0522}.Release|x64.Build.0 = Release|Any CPU
		{7CAF38B4-5C44-47FD-B79F-6AA0BDFE0522}.Release|x86.ActiveCfg = Release|Any CPU
		{7CAF38B4-5C44-47FD-B79F-6AA0BDFE0522}.Release|x86.Build.0 = Release|Any CPU
		{01C7275E-A67A-4EB8-8543-485588B6800C}.Debug|Any CPU.ActiveCfg = Debug|Any CPU
		{01C7275E-A67A-4EB8-8543-485588B6800C}.Debug|Any CPU.Build.0 = Debug|Any CPU
		{01C7275E-A67A-4EB8-8543-485588B6800C}.Debug|x64.ActiveCfg = Debug|Any CPU
		{01C7275E-A67A-4EB8-8543-485588B6800C}.Debug|x64.Build.0 = Debug|Any CPU
		{01C7275E-A67A-4EB8-8543-485588B6800C}.Debug|x86.ActiveCfg = Debug|Any CPU
		{01C7275E-A67A-4EB8-8543-485588B6800C}.Debug|x86.Build.0 = Debug|Any CPU
		{01C7275E-A67A-4EB8-8543-485588B6800C}.Release|Any CPU.ActiveCfg = Release|Any CPU
		{01C7275E-A67A-4EB8-8543-485588B6800C}.Release|Any CPU.Build.0 = Release|Any CPU
		{01C7275E-A67A-4EB8-8543-485588B6800C}.Release|x64.ActiveCfg = Release|Any CPU
		{01C7275E-A67A-4EB8-8543-485588B6800C}.Release|x64.Build.0 = Release|Any CPU
		{01C7275E-A67A-4EB8-8543-485588B6800C}.Release|x86.ActiveCfg = Release|Any CPU
		{01C7275E-A67A-4EB8-8543-485588B6800C}.Release|x86.Build.0 = Release|Any CPU
	EndGlobalSection
EndGlobal
